
Microsoft Visual Studio Solution File, Format Version 11.00
# Visual Studio 2010
Project("{FAE04EC0-301F-11D3-BF4B-00C04F79EFBC}") = "SoftwareMonkeys.csAnt.UpdateScript", "SoftwareMonkeys.csAnt.UpdateScript.csproj", "{29e65635-19f6-4978-bf1e-904e7081defc}"
EndProject
Global
	GlobalSection(SolutionConfigurationPlatforms) = preSolution
		Debug|x86 = Debug|x86
		Release|x86 = Release|x86
	EndGlobalSection
	GlobalSection(ProjectConfigurationPlatforms) = postSolution
		{29e65635-19f6-4978-bf1e-904e7081defc}.Debug|x86.ActiveCfg = Debug|x86
		{29e65635-19f6-4978-bf1e-904e7081defc}.Debug|x86.Build.0 = Debug|x86
		{29e65635-19f6-4978-bf1e-904e7081defc}.Release|x86.ActiveCfg = Release|x86
		{29e65635-19f6-4978-bf1e-904e7081defc}.Release|x86.Build.0 = Release|x86
	EndGlobalSection
	GlobalSection(MonoDevelopProperties) = preSolution
		StartupItem = SoftwareMonkeys.csAnt.UpdateScript.csproj
	EndGlobalSection
EndGlobal
