
Microsoft Visual Studio Solution File, Format Version 11.00
# Visual Studio 2010
Project("{FAE04EC0-301F-11D3-BF4B-00C04F79EFBC}") = "SoftwareMonkeys.csAnt.InstallConsole", "SoftwareMonkeys.csAnt.InstallConsole\SoftwareMonkeys.csAnt.InstallConsole.csproj", "{68579EC1-35A8-4923-9C3B-75CE6BC0D0CA}"
EndProject
Global
	GlobalSection(SolutionConfigurationPlatforms) = preSolution
		Debug|Any CPU = Debug|Any CPU
		Release|Any CPU = Release|Any CPU
	EndGlobalSection
	GlobalSection(ProjectConfigurationPlatforms) = postSolution
		{68579EC1-35A8-4923-9C3B-75CE6BC0D0CA}.Debug|Any CPU.ActiveCfg = Debug|Any CPU
		{68579EC1-35A8-4923-9C3B-75CE6BC0D0CA}.Debug|Any CPU.Build.0 = Debug|Any CPU
		{68579EC1-35A8-4923-9C3B-75CE6BC0D0CA}.Release|Any CPU.ActiveCfg = Release|Any CPU
		{68579EC1-35A8-4923-9C3B-75CE6BC0D0CA}.Release|Any CPU.Build.0 = Release|Any CPU
	EndGlobalSection
	GlobalSection(MonoDevelopProperties) = preSolution
		StartupItem = SoftwareMonkeys.csAnt.InstallConsole\SoftwareMonkeys.csAnt.InstallConsole.csproj
	EndGlobalSection
EndGlobal
