
Microsoft Visual Studio Solution File, Format Version 11.00
# Visual Studio 2010
Project("{FAE04EC0-301F-11D3-BF4B-00C04F79EFBC}") = "SoftwareMonkeys.csAnt", "SoftwareMonkeys.csAnt\SoftwareMonkeys.csAnt.csproj", "{B13BED0E-4F73-4F2A-8AA1-19273CFF9C47}"
EndProject
Project("{FAE04EC0-301F-11D3-BF4B-00C04F79EFBC}") = "SoftwareMonkeys.csAnt.UI.csAntConsole", "SoftwareMonkeys.csAnt.UI.csAntConsole\SoftwareMonkeys.csAnt.UI.csAntConsole.csproj", "{D0C2385B-A971-4EB9-A22A-2CDA240320ED}"
EndProject
Project("{FAE04EC0-301F-11D3-BF4B-00C04F79EFBC}") = "SoftwareMonkeys.csAnt.Tests", "SoftwareMonkeys.csAnt.Tests\SoftwareMonkeys.csAnt.Tests.csproj", "{EFEAE89A-6324-41B0-AE1F-B2284D510CA6}"
EndProject
Global
	GlobalSection(SolutionConfigurationPlatforms) = preSolution
		Debug|x86 = Debug|x86
		Release|x86 = Release|x86
		Debug|Any CPU = Debug|Any CPU
		Release|Any CPU = Release|Any CPU
	EndGlobalSection
	GlobalSection(ProjectConfigurationPlatforms) = postSolution
		{B13BED0E-4F73-4F2A-8AA1-19273CFF9C47}.Debug|Any CPU.ActiveCfg = Debug|x86
		{B13BED0E-4F73-4F2A-8AA1-19273CFF9C47}.Debug|Any CPU.Build.0 = Debug|x86
		{B13BED0E-4F73-4F2A-8AA1-19273CFF9C47}.Debug|x86.ActiveCfg = Debug|x86
		{B13BED0E-4F73-4F2A-8AA1-19273CFF9C47}.Debug|x86.Build.0 = Debug|x86
		{B13BED0E-4F73-4F2A-8AA1-19273CFF9C47}.Release|Any CPU.ActiveCfg = Release|x86
		{B13BED0E-4F73-4F2A-8AA1-19273CFF9C47}.Release|Any CPU.Build.0 = Release|x86
		{B13BED0E-4F73-4F2A-8AA1-19273CFF9C47}.Release|x86.ActiveCfg = Release|x86
		{B13BED0E-4F73-4F2A-8AA1-19273CFF9C47}.Release|x86.Build.0 = Release|x86
		{D0C2385B-A971-4EB9-A22A-2CDA240320ED}.Debug|Any CPU.ActiveCfg = Debug|x86
		{D0C2385B-A971-4EB9-A22A-2CDA240320ED}.Debug|Any CPU.Build.0 = Debug|x86
		{D0C2385B-A971-4EB9-A22A-2CDA240320ED}.Debug|x86.ActiveCfg = Debug|x86
		{D0C2385B-A971-4EB9-A22A-2CDA240320ED}.Debug|x86.Build.0 = Debug|x86
		{D0C2385B-A971-4EB9-A22A-2CDA240320ED}.Release|Any CPU.ActiveCfg = Release|x86
		{D0C2385B-A971-4EB9-A22A-2CDA240320ED}.Release|Any CPU.Build.0 = Release|x86
		{D0C2385B-A971-4EB9-A22A-2CDA240320ED}.Release|x86.ActiveCfg = Release|x86
		{D0C2385B-A971-4EB9-A22A-2CDA240320ED}.Release|x86.Build.0 = Release|x86
		{EFEAE89A-6324-41B0-AE1F-B2284D510CA6}.Debug|Any CPU.ActiveCfg = Debug|Any CPU
		{EFEAE89A-6324-41B0-AE1F-B2284D510CA6}.Debug|Any CPU.Build.0 = Debug|Any CPU
		{EFEAE89A-6324-41B0-AE1F-B2284D510CA6}.Debug|x86.ActiveCfg = Debug|Any CPU
		{EFEAE89A-6324-41B0-AE1F-B2284D510CA6}.Debug|x86.Build.0 = Debug|Any CPU
		{EFEAE89A-6324-41B0-AE1F-B2284D510CA6}.Release|Any CPU.ActiveCfg = Release|Any CPU
		{EFEAE89A-6324-41B0-AE1F-B2284D510CA6}.Release|Any CPU.Build.0 = Release|Any CPU
		{EFEAE89A-6324-41B0-AE1F-B2284D510CA6}.Release|x86.ActiveCfg = Release|Any CPU
		{EFEAE89A-6324-41B0-AE1F-B2284D510CA6}.Release|x86.Build.0 = Release|Any CPU
	EndGlobalSection
	GlobalSection(MonoDevelopProperties) = preSolution
		StartupItem = SoftwareMonkeys.csAnt.UI.csAntConsole\SoftwareMonkeys.csAnt.UI.csAntConsole.csproj
	EndGlobalSection
EndGlobal
