
Microsoft Visual Studio Solution File, Format Version 11.00
# Visual Studio 2010
Project("{FAE04EC0-301F-11D3-BF4B-00C04F79EFBC}") = "SoftwareMonkeys.csAnt", "SoftwareMonkeys.csAnt\SoftwareMonkeys.csAnt.csproj", "{16297BCB-0A8C-42E6-BE35-921085C3E238}"
EndProject
Project("{FAE04EC0-301F-11D3-BF4B-00C04F79EFBC}") = "SoftwareMonkeys.csAnt.UI.csAntConsole", "SoftwareMonkeys.csAnt.UI.csAntConsole\SoftwareMonkeys.csAnt.UI.csAntConsole.csproj", "{2292E955-9611-4356-B952-CE580117952A}"
EndProject
Project("{FAE04EC0-301F-11D3-BF4B-00C04F79EFBC}") = "SoftwareMonkeys.csAnt.Projects", "SoftwareMonkeys.csAnt.Projects\SoftwareMonkeys.csAnt.Projects.csproj", "{3BFB55C4-1247-49BD-AEC9-31BC3C0F1168}"
EndProject
Project("{FAE04EC0-301F-11D3-BF4B-00C04F79EFBC}") = "SoftwareMonkeys.csAnt.Packages.InstallConsole", "SoftwareMonkeys.csAnt.Packages.InstallConsole\SoftwareMonkeys.csAnt.Packages.InstallConsole.csproj", "{68579EC1-35A8-4923-9C3B-75CE6BC0D0CA}"
EndProject
Project("{FAE04EC0-301F-11D3-BF4B-00C04F79EFBC}") = "SoftwareMonkeys.csAnt.Packages", "SoftwareMonkeys.csAnt.Packages\SoftwareMonkeys.csAnt.Packages.csproj", "{089D0473-0CB0-458B-AFDF-428D83B5CC6A}"
EndProject
Project("{FAE04EC0-301F-11D3-BF4B-00C04F79EFBC}") = "SoftwareMonkeys.csAnt.Packages.CreatorConsole", "SoftwareMonkeys.csAnt.Packages.CreatorConsole\SoftwareMonkeys.csAnt.Packages.CreatorConsole.csproj", "{04D276AA-0E7F-47EE-9E78-325F6873F8A0}"
EndProject
Project("{FAE04EC0-301F-11D3-BF4B-00C04F79EFBC}") = "SoftwareMonkeys.csAnt.Contracts", "SoftwareMonkeys.csAnt.Contracts\SoftwareMonkeys.csAnt.Contracts.csproj", "{EA178299-9D1E-482E-B3CD-D3CEBF62CADF}"
EndProject
Project("{FAE04EC0-301F-11D3-BF4B-00C04F79EFBC}") = "SoftwareMonkeys.csAnt.SetUpFromLocalConsole", "SoftwareMonkeys.csAnt.SetUpFromLocalConsole\SoftwareMonkeys.csAnt.SetUpFromLocalConsole.csproj", "{9401F463-C823-4F52-9774-5311CB33B402}"
EndProject
Project("{FAE04EC0-301F-11D3-BF4B-00C04F79EFBC}") = "SoftwareMonkeys.csAnt.SetUpFromWebConsole", "SoftwareMonkeys.csAnt.SetUpFromWebConsole\SoftwareMonkeys.csAnt.SetUpFromWebConsole.csproj", "{CF6B425F-5FCD-4E77-B9C1-196DB6A71BE1}"
EndProject
Project("{FAE04EC0-301F-11D3-BF4B-00C04F79EFBC}") = "SoftwareMonkeys.csAnt.IO", "SoftwareMonkeys.csAnt.IO\SoftwareMonkeys.csAnt.IO.csproj", "{749ED083-15BD-4522-8FBE-847870434680}"
EndProject
Project("{FAE04EC0-301F-11D3-BF4B-00C04F79EFBC}") = "SoftwareMonkeys.csAnt.Versions", "SoftwareMonkeys.csAnt.Versions\SoftwareMonkeys.csAnt.Versions.csproj", "{9B72A2B8-0BC4-40BE-B242-AC79A080CEB6}"
EndProject
Project("{FAE04EC0-301F-11D3-BF4B-00C04F79EFBC}") = "SoftwareMonkeys.csAnt.Packages.Contracts", "SoftwareMonkeys.csAnt.Packages.Contracts\SoftwareMonkeys.csAnt.Packages.Contracts.csproj", "{C3C8D4B3-1659-4307-A7B1-DAE98C15250D}"
EndProject
Project("{FAE04EC0-301F-11D3-BF4B-00C04F79EFBC}") = "SoftwareMonkeys.csAnt.SetUp.Common", "SoftwareMonkeys.csAnt.SetUp.Common\SoftwareMonkeys.csAnt.SetUp.Common.csproj", "{485BCC0F-7E4F-4430-9174-3A1ADA428E71}"
EndProject
Project("{FAE04EC0-301F-11D3-BF4B-00C04F79EFBC}") = "SoftwareMonkeys.csAnt.IO.Contracts", "SoftwareMonkeys.csAnt.IO.Contracts\SoftwareMonkeys.csAnt.IO.Contracts.csproj", "{53E3AFEA-3627-4846-B2E4-5A8091E96BC6}"
EndProject
Global
	GlobalSection(SolutionConfigurationPlatforms) = preSolution
		Debug|Any CPU = Debug|Any CPU
		Release|Any CPU = Release|Any CPU
	EndGlobalSection
	GlobalSection(ProjectConfigurationPlatforms) = postSolution
		{04D276AA-0E7F-47EE-9E78-325F6873F8A0}.Debug|Any CPU.ActiveCfg = Debug|Any CPU
		{04D276AA-0E7F-47EE-9E78-325F6873F8A0}.Debug|Any CPU.Build.0 = Debug|Any CPU
		{04D276AA-0E7F-47EE-9E78-325F6873F8A0}.Release|Any CPU.ActiveCfg = Release|Any CPU
		{04D276AA-0E7F-47EE-9E78-325F6873F8A0}.Release|Any CPU.Build.0 = Release|Any CPU
		{089D0473-0CB0-458B-AFDF-428D83B5CC6A}.Debug|Any CPU.ActiveCfg = Debug|Any CPU
		{089D0473-0CB0-458B-AFDF-428D83B5CC6A}.Debug|Any CPU.Build.0 = Debug|Any CPU
		{089D0473-0CB0-458B-AFDF-428D83B5CC6A}.Release|Any CPU.ActiveCfg = Release|Any CPU
		{089D0473-0CB0-458B-AFDF-428D83B5CC6A}.Release|Any CPU.Build.0 = Release|Any CPU
		{16297BCB-0A8C-42E6-BE35-921085C3E238}.Debug|Any CPU.ActiveCfg = Debug|Any CPU
		{16297BCB-0A8C-42E6-BE35-921085C3E238}.Debug|Any CPU.Build.0 = Debug|Any CPU
		{16297BCB-0A8C-42E6-BE35-921085C3E238}.Release|Any CPU.ActiveCfg = Release|Any CPU
		{16297BCB-0A8C-42E6-BE35-921085C3E238}.Release|Any CPU.Build.0 = Release|Any CPU
		{2292E955-9611-4356-B952-CE580117952A}.Debug|Any CPU.ActiveCfg = Debug|Any CPU
		{2292E955-9611-4356-B952-CE580117952A}.Debug|Any CPU.Build.0 = Debug|Any CPU
		{2292E955-9611-4356-B952-CE580117952A}.Release|Any CPU.ActiveCfg = Release|Any CPU
		{2292E955-9611-4356-B952-CE580117952A}.Release|Any CPU.Build.0 = Release|Any CPU
		{3BFB55C4-1247-49BD-AEC9-31BC3C0F1168}.Debug|Any CPU.ActiveCfg = Debug|Any CPU
		{3BFB55C4-1247-49BD-AEC9-31BC3C0F1168}.Debug|Any CPU.Build.0 = Debug|Any CPU
		{3BFB55C4-1247-49BD-AEC9-31BC3C0F1168}.Release|Any CPU.ActiveCfg = Release|Any CPU
		{3BFB55C4-1247-49BD-AEC9-31BC3C0F1168}.Release|Any CPU.Build.0 = Release|Any CPU
		{485BCC0F-7E4F-4430-9174-3A1ADA428E71}.Debug|Any CPU.ActiveCfg = Debug|Any CPU
		{485BCC0F-7E4F-4430-9174-3A1ADA428E71}.Debug|Any CPU.Build.0 = Debug|Any CPU
		{485BCC0F-7E4F-4430-9174-3A1ADA428E71}.Release|Any CPU.ActiveCfg = Release|Any CPU
		{485BCC0F-7E4F-4430-9174-3A1ADA428E71}.Release|Any CPU.Build.0 = Release|Any CPU
		{53E3AFEA-3627-4846-B2E4-5A8091E96BC6}.Debug|Any CPU.ActiveCfg = Debug|Any CPU
		{53E3AFEA-3627-4846-B2E4-5A8091E96BC6}.Debug|Any CPU.Build.0 = Debug|Any CPU
		{53E3AFEA-3627-4846-B2E4-5A8091E96BC6}.Release|Any CPU.ActiveCfg = Release|Any CPU
		{53E3AFEA-3627-4846-B2E4-5A8091E96BC6}.Release|Any CPU.Build.0 = Release|Any CPU
		{68579EC1-35A8-4923-9C3B-75CE6BC0D0CA}.Debug|Any CPU.ActiveCfg = Debug|Any CPU
		{68579EC1-35A8-4923-9C3B-75CE6BC0D0CA}.Debug|Any CPU.Build.0 = Debug|Any CPU
		{68579EC1-35A8-4923-9C3B-75CE6BC0D0CA}.Release|Any CPU.ActiveCfg = Release|Any CPU
		{68579EC1-35A8-4923-9C3B-75CE6BC0D0CA}.Release|Any CPU.Build.0 = Release|Any CPU
		{749ED083-15BD-4522-8FBE-847870434680}.Debug|Any CPU.ActiveCfg = Debug|Any CPU
		{749ED083-15BD-4522-8FBE-847870434680}.Debug|Any CPU.Build.0 = Debug|Any CPU
		{749ED083-15BD-4522-8FBE-847870434680}.Release|Any CPU.ActiveCfg = Release|Any CPU
		{749ED083-15BD-4522-8FBE-847870434680}.Release|Any CPU.Build.0 = Release|Any CPU
		{9401F463-C823-4F52-9774-5311CB33B402}.Debug|Any CPU.ActiveCfg = Debug|Any CPU
		{9401F463-C823-4F52-9774-5311CB33B402}.Debug|Any CPU.Build.0 = Debug|Any CPU
		{9401F463-C823-4F52-9774-5311CB33B402}.Release|Any CPU.ActiveCfg = Release|Any CPU
		{9401F463-C823-4F52-9774-5311CB33B402}.Release|Any CPU.Build.0 = Release|Any CPU
		{9B72A2B8-0BC4-40BE-B242-AC79A080CEB6}.Debug|Any CPU.ActiveCfg = Debug|Any CPU
		{9B72A2B8-0BC4-40BE-B242-AC79A080CEB6}.Debug|Any CPU.Build.0 = Debug|Any CPU
		{9B72A2B8-0BC4-40BE-B242-AC79A080CEB6}.Release|Any CPU.ActiveCfg = Release|Any CPU
		{9B72A2B8-0BC4-40BE-B242-AC79A080CEB6}.Release|Any CPU.Build.0 = Release|Any CPU
		{C3C8D4B3-1659-4307-A7B1-DAE98C15250D}.Debug|Any CPU.ActiveCfg = Debug|Any CPU
		{C3C8D4B3-1659-4307-A7B1-DAE98C15250D}.Debug|Any CPU.Build.0 = Debug|Any CPU
		{C3C8D4B3-1659-4307-A7B1-DAE98C15250D}.Release|Any CPU.ActiveCfg = Release|Any CPU
		{C3C8D4B3-1659-4307-A7B1-DAE98C15250D}.Release|Any CPU.Build.0 = Release|Any CPU
		{CF6B425F-5FCD-4E77-B9C1-196DB6A71BE1}.Debug|Any CPU.ActiveCfg = Debug|Any CPU
		{CF6B425F-5FCD-4E77-B9C1-196DB6A71BE1}.Debug|Any CPU.Build.0 = Debug|Any CPU
		{CF6B425F-5FCD-4E77-B9C1-196DB6A71BE1}.Release|Any CPU.ActiveCfg = Release|Any CPU
		{CF6B425F-5FCD-4E77-B9C1-196DB6A71BE1}.Release|Any CPU.Build.0 = Release|Any CPU
		{EA178299-9D1E-482E-B3CD-D3CEBF62CADF}.Debug|Any CPU.ActiveCfg = Debug|Any CPU
		{EA178299-9D1E-482E-B3CD-D3CEBF62CADF}.Debug|Any CPU.Build.0 = Debug|Any CPU
		{EA178299-9D1E-482E-B3CD-D3CEBF62CADF}.Release|Any CPU.ActiveCfg = Release|Any CPU
		{EA178299-9D1E-482E-B3CD-D3CEBF62CADF}.Release|Any CPU.Build.0 = Release|Any CPU
	EndGlobalSection
	GlobalSection(MonoDevelopProperties) = preSolution
		StartupItem = SoftwareMonkeys.csAnt\SoftwareMonkeys.csAnt.csproj
		Policies = $0
		$0.DotNetNamingPolicy = $1
		$1.DirectoryNamespaceAssociation = None
		$1.ResourceNamePolicy = FileFormatDefault
		$0.TextStylePolicy = $2
		$2.FileWidth = 120
		$2.inheritsSet = VisualStudio
		$2.inheritsScope = text/plain
		$2.scope = text/plain
	EndGlobalSection
EndGlobal
